
Microsoft Visual Studio Solution File, Format Version 12.00
# Visual Studio Version 16
VisualStudioVersion = 16.0.32602.291
MinimumVisualStudioVersion = 10.0.40219.1
Project("{FAE04EC0-301F-11D3-BF4B-00C04F79EFBC}") = "Tbrowser", "Tbrowser\Tbrowser.csproj", "{D151926A-947D-421B-83FA-0908E3090CEA}"
EndProject
Global
	GlobalSection(SolutionConfigurationPlatforms) = preSolution
		Debug|Any CPU = Debug|Any CPU
		Debug|x64 = Debug|x64
		Release|Any CPU = Release|Any CPU
		Release|x64 = Release|x64
	EndGlobalSection
	GlobalSection(ProjectConfigurationPlatforms) = postSolution
		{D151926A-947D-421B-83FA-0908E3090CEA}.Debug|Any CPU.ActiveCfg = Debug|Any CPU
		{D151926A-947D-421B-83FA-0908E3090CEA}.Debug|Any CPU.Build.0 = Debug|Any CPU
		{D151926A-947D-421B-83FA-0908E3090CEA}.Debug|x64.ActiveCfg = Debug|x64
		{D151926A-947D-421B-83FA-0908E3090CEA}.Debug|x64.Build.0 = Debug|x64
		{D151926A-947D-421B-83FA-0908E3090CEA}.Release|Any CPU.ActiveCfg = Release|Any CPU
		{D151926A-947D-421B-83FA-0908E3090CEA}.Release|Any CPU.Build.0 = Release|Any CPU
		{D151926A-947D-421B-83FA-0908E3090CEA}.Release|x64.ActiveCfg = Release|x64
		{D151926A-947D-421B-83FA-0908E3090CEA}.Release|x64.Build.0 = Release|x64
	EndGlobalSection
	GlobalSection(SolutionProperties) = preSolution
		HideSolutionNode = FALSE
	EndGlobalSection
	GlobalSection(ExtensibilityGlobals) = postSolution
		SolutionGuid = {9D8B9B35-B917-4613-A30F-301103C01DAA}
	EndGlobalSection
EndGlobal
